
Microsoft Visual Studio Solution File, Format Version 12.00
Project("{FAE04EC0-301F-11D3-BF4B-00C04F79EFBC}") = "SGM.Sample.Android.", "Samples\SGM.Sample.Android\SGM.Sample.Android.csproj", "{11A8972D-C0A9-4A0C-BC79-A2BE3FDB4D58}"
EndProject
Project("{2150E333-8FDC-42A3-9474-1A3956D46DE8}") = "Samples", "Samples", "{C16AFE7A-9E1A-43DD-BD66-766B4CC02746}"
EndProject
Project("{2150E333-8FDC-42A3-9474-1A3956D46DE8}") = "Toolkit", "Toolkit", "{220BFBAD-FE5E-4FE9-9942-27F1B2A77426}"
EndProject
Project("{FAE04EC0-301F-11D3-BF4B-00C04F79EFBC}") = "SGM.Sample.Core", "Samples\SGM.Sample.Core\SGM.Sample.Core.csproj", "{BD120A2B-A000-4FD7-8022-E82797319B65}"
EndProject
Project("{FAE04EC0-301F-11D3-BF4B-00C04F79EFBC}") = "SGM.Sample.Ios", "Samples\SGM.Sample.Ios\SGM.Sample.Ios.csproj", "{76F0BFA9-C6A0-4BC1-824A-A0213CB3DDFC}"
EndProject
Project("{FAE04EC0-301F-11D3-BF4B-00C04F79EFBC}") = "MSG.Android.LayoutGenerator", "Toolkit\MSG.Android.LayoutGenerator\MSG.Android.LayoutGenerator.csproj", "{7AF9B9FA-4E06-4845-9F50-EA569CFEB0AC}"
EndProject
Global
	GlobalSection(SolutionConfigurationPlatforms) = preSolution
		Debug|Any CPU = Debug|Any CPU
		Release|Any CPU = Release|Any CPU
	EndGlobalSection
	GlobalSection(ProjectConfigurationPlatforms) = postSolution
		{11A8972D-C0A9-4A0C-BC79-A2BE3FDB4D58}.Debug|Any CPU.ActiveCfg = Debug|Any CPU
		{11A8972D-C0A9-4A0C-BC79-A2BE3FDB4D58}.Debug|Any CPU.Build.0 = Debug|Any CPU
		{11A8972D-C0A9-4A0C-BC79-A2BE3FDB4D58}.Debug|Any CPU.Deploy.0 = Debug|Any CPU
		{11A8972D-C0A9-4A0C-BC79-A2BE3FDB4D58}.Release|Any CPU.ActiveCfg = Release|Any CPU
		{11A8972D-C0A9-4A0C-BC79-A2BE3FDB4D58}.Release|Any CPU.Build.0 = Release|Any CPU
		{11A8972D-C0A9-4A0C-BC79-A2BE3FDB4D58}.Release|Any CPU.Deploy.0 = Release|Any CPU
		{BD120A2B-A000-4FD7-8022-E82797319B65}.Debug|Any CPU.ActiveCfg = Debug|Any CPU
		{BD120A2B-A000-4FD7-8022-E82797319B65}.Debug|Any CPU.Build.0 = Debug|Any CPU
		{BD120A2B-A000-4FD7-8022-E82797319B65}.Release|Any CPU.ActiveCfg = Release|Any CPU
		{BD120A2B-A000-4FD7-8022-E82797319B65}.Release|Any CPU.Build.0 = Release|Any CPU
		{76F0BFA9-C6A0-4BC1-824A-A0213CB3DDFC}.Debug|Any CPU.ActiveCfg = Debug|Any CPU
		{76F0BFA9-C6A0-4BC1-824A-A0213CB3DDFC}.Debug|Any CPU.Build.0 = Debug|Any CPU
		{76F0BFA9-C6A0-4BC1-824A-A0213CB3DDFC}.Release|Any CPU.ActiveCfg = Release|Any CPU
		{76F0BFA9-C6A0-4BC1-824A-A0213CB3DDFC}.Release|Any CPU.Build.0 = Release|Any CPU
		{7AF9B9FA-4E06-4845-9F50-EA569CFEB0AC}.Debug|Any CPU.ActiveCfg = Debug|Any CPU
		{7AF9B9FA-4E06-4845-9F50-EA569CFEB0AC}.Debug|Any CPU.Build.0 = Debug|Any CPU
		{7AF9B9FA-4E06-4845-9F50-EA569CFEB0AC}.Release|Any CPU.ActiveCfg = Release|Any CPU
		{7AF9B9FA-4E06-4845-9F50-EA569CFEB0AC}.Release|Any CPU.Build.0 = Release|Any CPU
	EndGlobalSection
	GlobalSection(NestedProjects) = preSolution
		{11A8972D-C0A9-4A0C-BC79-A2BE3FDB4D58} = {C16AFE7A-9E1A-43DD-BD66-766B4CC02746}
		{BD120A2B-A000-4FD7-8022-E82797319B65} = {C16AFE7A-9E1A-43DD-BD66-766B4CC02746}
		{76F0BFA9-C6A0-4BC1-824A-A0213CB3DDFC} = {C16AFE7A-9E1A-43DD-BD66-766B4CC02746}
		{7AF9B9FA-4E06-4845-9F50-EA569CFEB0AC} = {220BFBAD-FE5E-4FE9-9942-27F1B2A77426}
	EndGlobalSection
EndGlobal
