
Microsoft Visual Studio Solution File, Format Version 12.00
Project("{FAE04EC0-301F-11D3-BF4B-00C04F79EFBC}") = "SGM.Sample.Android.", "SGM.Sample.Android\SGM.Sample.Android..csproj", "{11A8972D-C0A9-4A0C-BC79-A2BE3FDB4D58}"
EndProject
Global
	GlobalSection(SolutionConfigurationPlatforms) = preSolution
		Debug|Any CPU = Debug|Any CPU
		Release|Any CPU = Release|Any CPU
	EndGlobalSection
	GlobalSection(ProjectConfigurationPlatforms) = postSolution
		{11A8972D-C0A9-4A0C-BC79-A2BE3FDB4D58}.Debug|Any CPU.ActiveCfg = Debug|Any CPU
		{11A8972D-C0A9-4A0C-BC79-A2BE3FDB4D58}.Debug|Any CPU.Build.0 = Debug|Any CPU
		{11A8972D-C0A9-4A0C-BC79-A2BE3FDB4D58}.Debug|Any CPU.Deploy.0 = Debug|Any CPU
		{11A8972D-C0A9-4A0C-BC79-A2BE3FDB4D58}.Release|Any CPU.ActiveCfg = Release|Any CPU
		{11A8972D-C0A9-4A0C-BC79-A2BE3FDB4D58}.Release|Any CPU.Build.0 = Release|Any CPU
		{11A8972D-C0A9-4A0C-BC79-A2BE3FDB4D58}.Release|Any CPU.Deploy.0 = Release|Any CPU
	EndGlobalSection
EndGlobal
